
Microsoft Visual Studio Solution File, Format Version 12.00
# Visual Studio Version 17
VisualStudioVersion = 17.5.002.0
MinimumVisualStudioVersion = 10.0.40219.1
Project("{9A19103F-16F7-4668-BE54-9A1E7A4F7556}") = "Collaborative class", "Collaborative class.csproj", "{B372F2C0-1200-43A3-A038-128F161BA8B2}"
EndProject
Global
	GlobalSection(SolutionConfigurationPlatforms) = preSolution
		Debug|Any CPU = Debug|Any CPU
		Release|Any CPU = Release|Any CPU
	EndGlobalSection
	GlobalSection(ProjectConfigurationPlatforms) = postSolution
		{B372F2C0-1200-43A3-A038-128F161BA8B2}.Debug|Any CPU.ActiveCfg = Debug|Any CPU
		{B372F2C0-1200-43A3-A038-128F161BA8B2}.Debug|Any CPU.Build.0 = Debug|Any CPU
		{B372F2C0-1200-43A3-A038-128F161BA8B2}.Release|Any CPU.ActiveCfg = Release|Any CPU
		{B372F2C0-1200-43A3-A038-128F161BA8B2}.Release|Any CPU.Build.0 = Release|Any CPU
	EndGlobalSection
	GlobalSection(SolutionProperties) = preSolution
		HideSolutionNode = FALSE
	EndGlobalSection
	GlobalSection(ExtensibilityGlobals) = postSolution
		SolutionGuid = {6E64C532-161B-43AD-B4AE-2D526AA62714}
	EndGlobalSection
EndGlobal
